// !$*UTF8*$!
{
	archiveVersion = 1;
	classes = {
	};
	objectVersion = 63;
	objects = {

/* Begin PBXBuildFile section */
		066502FA650DB7F9C4AD914A /* appstore.png in Resources */ = {isa = PBXBuildFile; fileRef = 77AAEBF6FE07F4602AB9B460 /* appstore.png */; };
		2BB36F7664368B34EC2A286F /* Activity.swift in Sources */ = {isa = PBXBuildFile; fileRef = 5DA89A2239BB5453CF781FF7 /* Activity.swift */; };
		2E27B2E0D45459086F04AFB4 /* Assets.xcassets in Resources */ = {isa = PBXBuildFile; fileRef = DD8B6724F7446626BA0F4F5F /* Assets.xcassets */; };
		4A9725E8715FD8E5F03F057B /* PersistentActivity.swift in Sources */ = {isa = PBXBuildFile; fileRef = D1307DDD71F75E9BCF9EE7B9 /* PersistentActivity.swift */; };
		4C2D9C409C989B14EA112A06 /* playstore.png in Resources */ = {isa = PBXBuildFile; fileRef = DB13D4DEFE6922910CF18308 /* playstore.png */; };
		4CA43B77037000B6FD1379FE /* IconPreview.swift in Sources */ = {isa = PBXBuildFile; fileRef = 221ADA96D0E6D0C463E48DD8 /* IconPreview.swift */; };
		746BB9E6264EC1332D38B53D /* Views.swift in Sources */ = {isa = PBXBuildFile; fileRef = 641C79BAC8335E85011E8936 /* Views.swift */; };
		AA278B3232902CFDA9DA203E /* TimeTrackerApp.swift in Sources */ = {isa = PBXBuildFile; fileRef = 9E313F1E3D3766A436C41D45 /* TimeTrackerApp.swift */; };
		B5D48612F792CDE9C5DF0CB5 /* ContentView.swift in Sources */ = {isa = PBXBuildFile; fileRef = 682C5E934F4F64DB3930B5B4 /* ContentView.swift */; };
		D08793991DA8236A81AC5ED4 /* ActivityStore.swift in Sources */ = {isa = PBXBuildFile; fileRef = C126B1F0DD1A83147D884850 /* ActivityStore.swift */; };
		D56257EF425C3DA679B26224 /* ActivityListView.swift in Sources */ = {isa = PBXBuildFile; fileRef = 0B709A80760FC8207FC9FA2F /* ActivityListView.swift */; };
		E52B618FF8672E3EEB242CB1 /* ActivityRow.swift in Sources */ = {isa = PBXBuildFile; fileRef = 4218AEE134123639F7CE12FB /* ActivityRow.swift */; };
/* End PBXBuildFile section */

/* Begin PBXFileReference section */
		0B709A80760FC8207FC9FA2F /* ActivityListView.swift */ = {isa = PBXFileReference; lastKnownFileType = sourcecode.swift; path = ActivityListView.swift; sourceTree = "<group>"; };
		221ADA96D0E6D0C463E48DD8 /* IconPreview.swift */ = {isa = PBXFileReference; lastKnownFileType = sourcecode.swift; path = IconPreview.swift; sourceTree = "<group>"; };
		2312F96997ED189961428330 /* Info.plist */ = {isa = PBXFileReference; lastKnownFileType = text.plist; path = Info.plist; sourceTree = "<group>"; };
		4218AEE134123639F7CE12FB /* ActivityRow.swift */ = {isa = PBXFileReference; lastKnownFileType = sourcecode.swift; path = ActivityRow.swift; sourceTree = "<group>"; };
		5DA89A2239BB5453CF781FF7 /* Activity.swift */ = {isa = PBXFileReference; lastKnownFileType = sourcecode.swift; path = Activity.swift; sourceTree = "<group>"; };
		641C79BAC8335E85011E8936 /* Views.swift */ = {isa = PBXFileReference; lastKnownFileType = sourcecode.swift; path = Views.swift; sourceTree = "<group>"; };
		682C5E934F4F64DB3930B5B4 /* ContentView.swift */ = {isa = PBXFileReference; lastKnownFileType = sourcecode.swift; path = ContentView.swift; sourceTree = "<group>"; };
		77AAEBF6FE07F4602AB9B460 /* appstore.png */ = {isa = PBXFileReference; lastKnownFileType = image.png; path = appstore.png; sourceTree = "<group>"; };
		9E313F1E3D3766A436C41D45 /* TimeTrackerApp.swift */ = {isa = PBXFileReference; lastKnownFileType = sourcecode.swift; path = TimeTrackerApp.swift; sourceTree = "<group>"; };
		A5474E4E0BCDFAF982ABA880 /* TimeTracker.app */ = {isa = PBXFileReference; explicitFileType = wrapper.application; includeInIndex = 0; path = TimeTracker.app; sourceTree = BUILT_PRODUCTS_DIR; };
		C126B1F0DD1A83147D884850 /* ActivityStore.swift */ = {isa = PBXFileReference; lastKnownFileType = sourcecode.swift; path = ActivityStore.swift; sourceTree = "<group>"; };
		D1307DDD71F75E9BCF9EE7B9 /* PersistentActivity.swift */ = {isa = PBXFileReference; lastKnownFileType = sourcecode.swift; path = PersistentActivity.swift; sourceTree = "<group>"; };
		DB13D4DEFE6922910CF18308 /* playstore.png */ = {isa = PBXFileReference; lastKnownFileType = image.png; path = playstore.png; sourceTree = "<group>"; };
		DD8B6724F7446626BA0F4F5F /* Assets.xcassets */ = {isa = PBXFileReference; lastKnownFileType = folder.assetcatalog; path = Assets.xcassets; sourceTree = "<group>"; };
/* End PBXFileReference section */

/* Begin PBXGroup section */
		05A133EDB93358386B71DC81 /* Products */ = {
			isa = PBXGroup;
			children = (
				A5474E4E0BCDFAF982ABA880 /* TimeTracker.app */,
			);
			name = Products;
			sourceTree = "<group>";
		};
		37D66370DC196F67598746FF = {
			isa = PBXGroup;
			children = (
				9A81B6E9821A29286C128D96 /* TimeTrackerSwift */,
				05A133EDB93358386B71DC81 /* Products */,
			);
			sourceTree = "<group>";
		};
		9A81B6E9821A29286C128D96 /* TimeTrackerSwift */ = {
			isa = PBXGroup;
			children = (
				5DA89A2239BB5453CF781FF7 /* Activity.swift */,
				0B709A80760FC8207FC9FA2F /* ActivityListView.swift */,
				4218AEE134123639F7CE12FB /* ActivityRow.swift */,
				C126B1F0DD1A83147D884850 /* ActivityStore.swift */,
				77AAEBF6FE07F4602AB9B460 /* appstore.png */,
				DD8B6724F7446626BA0F4F5F /* Assets.xcassets */,
				682C5E934F4F64DB3930B5B4 /* ContentView.swift */,
				221ADA96D0E6D0C463E48DD8 /* IconPreview.swift */,
				2312F96997ED189961428330 /* Info.plist */,
				D1307DDD71F75E9BCF9EE7B9 /* PersistentActivity.swift */,
				DB13D4DEFE6922910CF18308 /* playstore.png */,
				9E313F1E3D3766A436C41D45 /* TimeTrackerApp.swift */,
				641C79BAC8335E85011E8936 /* Views.swift */,
			);
			path = TimeTrackerSwift;
			sourceTree = "<group>";
		};
/* End PBXGroup section */

/* Begin PBXNativeTarget section */
		A2D8167A412AA3624C293EE7 /* TimeTracker */ = {
			isa = PBXNativeTarget;
			buildConfigurationList = F77AABD9D94F31297D9AFBDF /* Build configuration list for PBXNativeTarget "TimeTracker" */;
			buildPhases = (
				578AA88EABA6854EB589F889 /* Sources */,
				FDC7E62DB5D8B923924844BD /* Resources */,
			);
			buildRules = (
			);
			dependencies = (
			);
			name = TimeTracker;
			packageProductDependencies = (
			);
			productName = TimeTracker;
			productReference = A5474E4E0BCDFAF982ABA880 /* TimeTracker.app */;
			productType = "com.apple.product-type.application";
		};
/* End PBXNativeTarget section */

/* Begin PBXProject section */
		0ABDC2A596C9BAAF0F20A631 /* Project object */ = {
			isa = PBXProject;
			attributes = {
				BuildIndependentTargetsInParallel = YES;
				LastUpgradeCheck = 1430;
			};
			buildConfigurationList = CA02C8256257C68402D03771 /* Build configuration list for PBXProject "TimeTracker" */;
			compatibilityVersion = "Xcode 14.0";
			developmentRegion = en;
			hasScannedForEncodings = 0;
			knownRegions = (
				Base,
				en,
			);
			mainGroup = 37D66370DC196F67598746FF;
			minimizedProjectReferenceProxies = 1;
			projectDirPath = "";
			projectRoot = "";
			targets = (
				A2D8167A412AA3624C293EE7 /* TimeTracker */,
			);
		};
/* End PBXProject section */

/* Begin PBXResourcesBuildPhase section */
		FDC7E62DB5D8B923924844BD /* Resources */ = {
			isa = PBXResourcesBuildPhase;
			buildActionMask = 2147483647;
			files = (
				2E27B2E0D45459086F04AFB4 /* Assets.xcassets in Resources */,
				066502FA650DB7F9C4AD914A /* appstore.png in Resources */,
				4C2D9C409C989B14EA112A06 /* playstore.png in Resources */,
			);
			runOnlyForDeploymentPostprocessing = 0;
		};
/* End PBXResourcesBuildPhase section */

/* Begin PBXSourcesBuildPhase section */
		578AA88EABA6854EB589F889 /* Sources */ = {
			isa = PBXSourcesBuildPhase;
			buildActionMask = 2147483647;
			files = (
				2BB36F7664368B34EC2A286F /* Activity.swift in Sources */,
				D56257EF425C3DA679B26224 /* ActivityListView.swift in Sources */,
				E52B618FF8672E3EEB242CB1 /* ActivityRow.swift in Sources */,
				D08793991DA8236A81AC5ED4 /* ActivityStore.swift in Sources */,
				B5D48612F792CDE9C5DF0CB5 /* ContentView.swift in Sources */,
				4CA43B77037000B6FD1379FE /* IconPreview.swift in Sources */,
				4A9725E8715FD8E5F03F057B /* PersistentActivity.swift in Sources */,
				AA278B3232902CFDA9DA203E /* TimeTrackerApp.swift in Sources */,
				746BB9E6264EC1332D38B53D /* Views.swift in Sources */,
			);
			runOnlyForDeploymentPostprocessing = 0;
		};
/* End PBXSourcesBuildPhase section */

/* Begin XCBuildConfiguration section */
		67FBDD31C4A3CD8AEA922CC6 /* Debug */ = {
			isa = XCBuildConfiguration;
			buildSettings = {
				ALWAYS_SEARCH_USER_PATHS = NO;
				CLANG_ANALYZER_NONNULL = YES;
				CLANG_ANALYZER_NUMBER_OBJECT_CONVERSION = YES_AGGRESSIVE;
				CLANG_CXX_LANGUAGE_STANDARD = "gnu++14";
				CLANG_CXX_LIBRARY = "libc++";
				CLANG_ENABLE_MODULES = YES;
				CLANG_ENABLE_OBJC_ARC = YES;
				CLANG_ENABLE_OBJC_WEAK = YES;
				CLANG_WARN_BLOCK_CAPTURE_AUTORELEASING = YES;
				CLANG_WARN_BOOL_CONVERSION = YES;
				CLANG_WARN_COMMA = YES;
				CLANG_WARN_CONSTANT_CONVERSION = YES;
				CLANG_WARN_DEPRECATED_OBJC_IMPLEMENTATIONS = YES;
				CLANG_WARN_DIRECT_OBJC_ISA_USAGE = YES_ERROR;
				CLANG_WARN_DOCUMENTATION_COMMENTS = YES;
				CLANG_WARN_EMPTY_BODY = YES;
				CLANG_WARN_ENUM_CONVERSION = YES;
				CLANG_WARN_INFINITE_RECURSION = YES;
				CLANG_WARN_INT_CONVERSION = YES;
				CLANG_WARN_NON_LITERAL_NULL_CONVERSION = YES;
				CLANG_WARN_OBJC_IMPLICIT_RETAIN_SELF = YES;
				CLANG_WARN_OBJC_LITERAL_CONVERSION = YES;
				CLANG_WARN_OBJC_ROOT_CLASS = YES_ERROR;
				CLANG_WARN_QUOTED_INCLUDE_IN_FRAMEWORK_HEADER = YES;
				CLANG_WARN_RANGE_LOOP_ANALYSIS = YES;
				CLANG_WARN_STRICT_PROTOTYPES = YES;
				CLANG_WARN_SUSPICIOUS_MOVE = YES;
				CLANG_WARN_UNGUARDED_AVAILABILITY = YES_AGGRESSIVE;
				CLANG_WARN_UNREACHABLE_CODE = YES;
				CLANG_WARN__DUPLICATE_METHOD_MATCH = YES;
				COPY_PHASE_STRIP = NO;
				DEBUG_INFORMATION_FORMAT = dwarf;
				ENABLE_STRICT_OBJC_MSGSEND = YES;
				ENABLE_TESTABILITY = YES;
				GCC_C_LANGUAGE_STANDARD = gnu11;
				GCC_DYNAMIC_NO_PIC = NO;
				GCC_NO_COMMON_BLOCKS = YES;
				GCC_OPTIMIZATION_LEVEL = 0;
				GCC_PREPROCESSOR_DEFINITIONS = (
					"$(inherited)",
					"DEBUG=1",
				);
				GCC_WARN_64_TO_32_BIT_CONVERSION = YES;
				GCC_WARN_ABOUT_RETURN_TYPE = YES_ERROR;
				GCC_WARN_UNDECLARED_SELECTOR = YES;
				GCC_WARN_UNINITIALIZED_AUTOS = YES_AGGRESSIVE;
				GCC_WARN_UNUSED_FUNCTION = YES;
				GCC_WARN_UNUSED_VARIABLE = YES;
				IPHONEOS_DEPLOYMENT_TARGET = 17.0;
				MTL_ENABLE_DEBUG_INFO = INCLUDE_SOURCE;
				MTL_FAST_MATH = YES;
				ONLY_ACTIVE_ARCH = YES;
				PRODUCT_NAME = "$(TARGET_NAME)";
				SDKROOT = iphoneos;
				SWIFT_ACTIVE_COMPILATION_CONDITIONS = DEBUG;
				SWIFT_OPTIMIZATION_LEVEL = "-Onone";
				SWIFT_VERSION = 5.0;
			};
			name = Debug;
		};
		B10096AAAB51DDA48B1D3A6C /* Release */ = {
			isa = XCBuildConfiguration;
			buildSettings = {
				ALWAYS_SEARCH_USER_PATHS = NO;
				CLANG_ANALYZER_NONNULL = YES;
				CLANG_ANALYZER_NUMBER_OBJECT_CONVERSION = YES_AGGRESSIVE;
				CLANG_CXX_LANGUAGE_STANDARD = "gnu++14";
				CLANG_CXX_LIBRARY = "libc++";
				CLANG_ENABLE_MODULES = YES;
				CLANG_ENABLE_OBJC_ARC = YES;
				CLANG_ENABLE_OBJC_WEAK = YES;
				CLANG_WARN_BLOCK_CAPTURE_AUTORELEASING = YES;
				CLANG_WARN_BOOL_CONVERSION = YES;
				CLANG_WARN_COMMA = YES;
				CLANG_WARN_CONSTANT_CONVERSION = YES;
				CLANG_WARN_DEPRECATED_OBJC_IMPLEMENTATIONS = YES;
				CLANG_WARN_DIRECT_OBJC_ISA_USAGE = YES_ERROR;
				CLANG_WARN_DOCUMENTATION_COMMENTS = YES;
				CLANG_WARN_EMPTY_BODY = YES;
				CLANG_WARN_ENUM_CONVERSION = YES;
				CLANG_WARN_INFINITE_RECURSION = YES;
				CLANG_WARN_INT_CONVERSION = YES;
				CLANG_WARN_NON_LITERAL_NULL_CONVERSION = YES;
				CLANG_WARN_OBJC_IMPLICIT_RETAIN_SELF = YES;
				CLANG_WARN_OBJC_LITERAL_CONVERSION = YES;
				CLANG_WARN_OBJC_ROOT_CLASS = YES_ERROR;
				CLANG_WARN_QUOTED_INCLUDE_IN_FRAMEWORK_HEADER = YES;
				CLANG_WARN_RANGE_LOOP_ANALYSIS = YES;
				CLANG_WARN_STRICT_PROTOTYPES = YES;
				CLANG_WARN_SUSPICIOUS_MOVE = YES;
				CLANG_WARN_UNGUARDED_AVAILABILITY = YES_AGGRESSIVE;
				CLANG_WARN_UNREACHABLE_CODE = YES;
				CLANG_WARN__DUPLICATE_METHOD_MATCH = YES;
				COPY_PHASE_STRIP = NO;
				DEBUG_INFORMATION_FORMAT = "dwarf-with-dsym";
				ENABLE_NS_ASSERTIONS = NO;
				ENABLE_STRICT_OBJC_MSGSEND = YES;
				GCC_C_LANGUAGE_STANDARD = gnu11;
				GCC_NO_COMMON_BLOCKS = YES;
				GCC_WARN_64_TO_32_BIT_CONVERSION = YES;
				GCC_WARN_ABOUT_RETURN_TYPE = YES_ERROR;
				GCC_WARN_UNDECLARED_SELECTOR = YES;
				GCC_WARN_UNINITIALIZED_AUTOS = YES_AGGRESSIVE;
				GCC_WARN_UNUSED_FUNCTION = YES;
				GCC_WARN_UNUSED_VARIABLE = YES;
				IPHONEOS_DEPLOYMENT_TARGET = 17.0;
				MTL_ENABLE_DEBUG_INFO = NO;
				MTL_FAST_MATH = YES;
				PRODUCT_NAME = "$(TARGET_NAME)";
				SDKROOT = iphoneos;
				SWIFT_COMPILATION_MODE = wholemodule;
				SWIFT_OPTIMIZATION_LEVEL = "-O";
				SWIFT_VERSION = 5.0;
			};
			name = Release;
		};
		BFE1C801457EAFCBCB13FC7D /* Debug */ = {
			isa = XCBuildConfiguration;
			buildSettings = {
				ASSETCATALOG_COMPILER_APPICON_NAME = AppIcon;
				CODE_SIGN_IDENTITY = "iPhone Developer";
				DEVELOPMENT_TEAM = 5ZWA4774ZC;
				INFOPLIST_FILE = TimeTrackerSwift/Info.plist;
				LD_RUNPATH_SEARCH_PATHS = (
					"$(inherited)",
					"@executable_path/Frameworks",
				);
				PRODUCT_BUNDLE_IDENTIFIER = com.yourname.TimeTracker;
				SDKROOT = iphoneos;
				TARGETED_DEVICE_FAMILY = "1,2";
			};
			name = Debug;
		};
		F6D3A37326A7571598C9955C /* Release */ = {
			isa = XCBuildConfiguration;
			buildSettings = {
				ASSETCATALOG_COMPILER_APPICON_NAME = AppIcon;
				CODE_SIGN_IDENTITY = "iPhone Developer";
				DEVELOPMENT_TEAM = 5ZWA4774ZC;
				INFOPLIST_FILE = TimeTrackerSwift/Info.plist;
				LD_RUNPATH_SEARCH_PATHS = (
					"$(inherited)",
					"@executable_path/Frameworks",
				);
				PRODUCT_BUNDLE_IDENTIFIER = com.yourname.TimeTracker;
				SDKROOT = iphoneos;
				TARGETED_DEVICE_FAMILY = "1,2";
			};
			name = Release;
		};
/* End XCBuildConfiguration section */

/* Begin XCConfigurationList section */
		CA02C8256257C68402D03771 /* Build configuration list for PBXProject "TimeTracker" */ = {
			isa = XCConfigurationList;
			buildConfigurations = (
				67FBDD31C4A3CD8AEA922CC6 /* Debug */,
				B10096AAAB51DDA48B1D3A6C /* Release */,
			);
			defaultConfigurationIsVisible = 0;
			defaultConfigurationName = Debug;
		};
		F77AABD9D94F31297D9AFBDF /* Build configuration list for PBXNativeTarget "TimeTracker" */ = {
			isa = XCConfigurationList;
			buildConfigurations = (
				BFE1C801457EAFCBCB13FC7D /* Debug */,
				F6D3A37326A7571598C9955C /* Release */,
			);
			defaultConfigurationIsVisible = 0;
			defaultConfigurationName = Debug;
		};
/* End XCConfigurationList section */
	};
	rootObject = 0ABDC2A596C9BAAF0F20A631 /* Project object */;
}
